
Microsoft Visual Studio Solution File, Format Version 12.00
# Visual Studio Version 17
VisualStudioVersion = 17.8.34330.188
MinimumVisualStudioVersion = 10.0.40219.1
Project("{9A19103F-16F7-4668-BE54-9A1E7A4F7556}") = "Ultimate C# Masterclass 2024 practise", "Ultimate C# Masterclass 2024 practise.csproj", "{D9121C78-4C48-4F5D-917C-8A92E7681B18}"
EndProject
Project("{9A19103F-16F7-4668-BE54-9A1E7A4F7556}") = "MorePractise", "..\MorePractise\MorePractise.csproj", "{F6DD5FD7-392F-4188-B454-1F73BC499DE5}"
EndProject
Project("{9A19103F-16F7-4668-BE54-9A1E7A4F7556}") = "Generics", "..\Generics\Generics.csproj", "{9F3A47AB-AD20-47E6-9E72-89B3555FE1D4}"
EndProject
Project("{FAE04EC0-301F-11D3-BF4B-00C04F79EFBC}") = "Dictionaries", "..\Dictionaries\Dictionaries.csproj", "{0309676D-C089-494F-A1EB-F16085062E7A}"
EndProject
Project("{FAE04EC0-301F-11D3-BF4B-00C04F79EFBC}") = "Linq", "..\Linq\Linq.csproj", "{FF84A69C-4FD9-40BE-B886-B6555517F3D8}"
EndProject
Global
	GlobalSection(SolutionConfigurationPlatforms) = preSolution
		Debug|Any CPU = Debug|Any CPU
		Release|Any CPU = Release|Any CPU
	EndGlobalSection
	GlobalSection(ProjectConfigurationPlatforms) = postSolution
		{D9121C78-4C48-4F5D-917C-8A92E7681B18}.Debug|Any CPU.ActiveCfg = Debug|Any CPU
		{D9121C78-4C48-4F5D-917C-8A92E7681B18}.Debug|Any CPU.Build.0 = Debug|Any CPU
		{D9121C78-4C48-4F5D-917C-8A92E7681B18}.Release|Any CPU.ActiveCfg = Release|Any CPU
		{D9121C78-4C48-4F5D-917C-8A92E7681B18}.Release|Any CPU.Build.0 = Release|Any CPU
		{F6DD5FD7-392F-4188-B454-1F73BC499DE5}.Debug|Any CPU.ActiveCfg = Debug|Any CPU
		{F6DD5FD7-392F-4188-B454-1F73BC499DE5}.Debug|Any CPU.Build.0 = Debug|Any CPU
		{F6DD5FD7-392F-4188-B454-1F73BC499DE5}.Release|Any CPU.ActiveCfg = Release|Any CPU
		{F6DD5FD7-392F-4188-B454-1F73BC499DE5}.Release|Any CPU.Build.0 = Release|Any CPU
		{9F3A47AB-AD20-47E6-9E72-89B3555FE1D4}.Debug|Any CPU.ActiveCfg = Debug|Any CPU
		{9F3A47AB-AD20-47E6-9E72-89B3555FE1D4}.Debug|Any CPU.Build.0 = Debug|Any CPU
		{9F3A47AB-AD20-47E6-9E72-89B3555FE1D4}.Release|Any CPU.ActiveCfg = Release|Any CPU
		{9F3A47AB-AD20-47E6-9E72-89B3555FE1D4}.Release|Any CPU.Build.0 = Release|Any CPU
		{0309676D-C089-494F-A1EB-F16085062E7A}.Debug|Any CPU.ActiveCfg = Debug|Any CPU
		{0309676D-C089-494F-A1EB-F16085062E7A}.Debug|Any CPU.Build.0 = Debug|Any CPU
		{0309676D-C089-494F-A1EB-F16085062E7A}.Release|Any CPU.ActiveCfg = Release|Any CPU
		{0309676D-C089-494F-A1EB-F16085062E7A}.Release|Any CPU.Build.0 = Release|Any CPU
		{FF84A69C-4FD9-40BE-B886-B6555517F3D8}.Debug|Any CPU.ActiveCfg = Debug|Any CPU
		{FF84A69C-4FD9-40BE-B886-B6555517F3D8}.Debug|Any CPU.Build.0 = Debug|Any CPU
		{FF84A69C-4FD9-40BE-B886-B6555517F3D8}.Release|Any CPU.ActiveCfg = Release|Any CPU
		{FF84A69C-4FD9-40BE-B886-B6555517F3D8}.Release|Any CPU.Build.0 = Release|Any CPU
	EndGlobalSection
	GlobalSection(SolutionProperties) = preSolution
		HideSolutionNode = FALSE
	EndGlobalSection
	GlobalSection(ExtensibilityGlobals) = postSolution
		SolutionGuid = {69A49544-3852-40DF-862C-3C518225FBC2}
	EndGlobalSection
EndGlobal
